<?xml version="1.0" encoding="utf-8"?>
<Project ToolsVersion="4.0" xmlns="http://schemas.microsoft.com/developer/msbuild/2003">
  <ItemGroup>
    <Filter Include="Source Files">
      <UniqueIdentifier>{4FC737F1-C7A5-4376-A066-2A32D752A2FF}</UniqueIdentifier>
      <Extensions>cpp;c;cc;cxx;def;odl;idl;hpj;bat;asm;asmx</Extensions>
    </Filter>
    <Filter Include="Header Files">
      <UniqueIdentifier>{93995380-89BD-4b04-88EB-625FBE52EBFB}</UniqueIdentifier>
      <Extensions>h;hpp;hxx;hm;inl;inc;xsd</Extensions>
    </Filter>
    <Filter Include="Resource Files">
      <UniqueIdentifier>{67DA6AB6-F800-4c08-8B7A-83BB121AAD01}</UniqueIdentifier>
      <Extensions>rc;ico;cur;bmp;dlg;rc2;rct;bin;rgs;gif;jpg;jpeg;jpe;resx;tiff;tif;png;wav;mfcribbon-ms</Extensions>
    </Filter>
  </ItemGroup>
  <ItemGroup>
    <ClInclude Include="model\DamageInflicted.h">
      <Filter>Header Files</Filter>
    </ClInclude>
    <ClInclude Include="Timer.h">
      <Filter>Header Files</Filter>
    </ClInclude>
    <ClInclude Include="exception\NoSuchRuleStringException.h">
      <Filter>Header Files</Filter>
    </ClInclude>
    <ClInclude Include="experimental\AutoAttackBuffer.h">
      <Filter>Header Files</Filter>
    </ClInclude>
    <ClInclude Include="experimental\CombatModule.h">
      <Filter>Header Files</Filter>
    </ClInclude>
    <ClInclude Include="experimental\CombatStats.h">
      <Filter>Header Files</Filter>
    </ClInclude>
    <ClInclude Include="experimental\CombatStatsManager.h">
      <Filter>Header Files</Filter>
    </ClInclude>
    <ClInclude Include="experimental\ProcDamageRegister.h">
      <Filter>Header Files</Filter>
    </ClInclude>
    <ClInclude Include="experimental\skilldamagestats.h">
      <Filter>Header Files</Filter>
    </ClInclude>
    <ClInclude Include="experimental\WeaponSwitch.h">
      <Filter>Header Files</Filter>
    </ClInclude>
    <ClInclude Include="language\EnglishNA.h">
      <Filter>Header Files</Filter>
    </ClInclude>
    <ClInclude Include="language\language.h">
      <Filter>Header Files</Filter>
    </ClInclude>
    <ClInclude Include="language\LanguageManager.h">
      <Filter>Header Files</Filter>
    </ClInclude>
    <ClInclude Include="lookups\ApChart.h">
      <Filter>Header Files</Filter>
    </ClInclude>
    <ClInclude Include="lookups\CommandStringsNAEnglish.h">
      <Filter>Header Files</Filter>
    </ClInclude>
    <ClInclude Include="lookups\ExpChartNA40.h">
      <Filter>Header Files</Filter>
    </ClInclude>
    <ClInclude Include="lookups\MessageRuleEnums.h">
      <Filter>Header Files</Filter>
    </ClInclude>
    <ClInclude Include="lookups\SkillToClassHardCodedNA.h">
      <Filter>Header Files</Filter>
    </ClInclude>
    <ClInclude Include="model\AbstractCounter.h">
      <Filter>Header Files</Filter>
    </ClInclude>
    <ClInclude Include="model\ApGainMeter.h">
      <Filter>Header Files</Filter>
    </ClInclude>
    <ClInclude Include="model\assistdamage.h">
      <Filter>Header Files</Filter>
    </ClInclude>
    <ClInclude Include="model\Counter.h">
      <Filter>Header Files</Filter>
    </ClInclude>
    <ClInclude Include="model\Enemies.h">
      <Filter>Header Files</Filter>
    </ClInclude>
    <ClInclude Include="model\ExpChart.h">
      <Filter>Header Files</Filter>
    </ClInclude>
    <ClInclude Include="model\ExpGainMeter.h">
      <Filter>Header Files</Filter>
    </ClInclude>
    <ClInclude Include="model\GatherCraft.h">
      <Filter>Header Files</Filter>
    </ClInclude>
    <ClInclude Include="model\GatherCraftRecord.h">
      <Filter>Header Files</Filter>
    </ClInclude>
    <ClInclude Include="model\IndividualItemGatherCrafts.h">
      <Filter>Header Files</Filter>
    </ClInclude>
    <ClInclude Include="model\ItemRolls.h">
      <Filter>Header Files</Filter>
    </ClInclude>
    <ClInclude Include="model\Items.h">
      <Filter>Header Files</Filter>
    </ClInclude>
    <ClInclude Include="model\KinahGainMeter.h">
      <Filter>Header Files</Filter>
    </ClInclude>
    <ClInclude Include="model\KnownPlayers.h">
      <Filter>Header Files</Filter>
    </ClInclude>
    <ClInclude Include="model\LevelUpChecker.h">
      <Filter>Header Files</Filter>
    </ClInclude>
    <ClInclude Include="model\MeterValue.h">
      <Filter>Header Files</Filter>
    </ClInclude>
    <ClInclude Include="model\Observable.h">
      <Filter>Header Files</Filter>
    </ClInclude>
    <ClInclude Include="model\Observer.h">
      <Filter>Header Files</Filter>
    </ClInclude>
    <ClInclude Include="model\PlayerClassManager.h">
      <Filter>Header Files</Filter>
    </ClInclude>
    <ClInclude Include="model\ProfessionLeveling.h">
      <Filter>Header Files</Filter>
    </ClInclude>
    <ClInclude Include="model\ProfessionLevelingHistory.h">
      <Filter>Header Files</Filter>
    </ClInclude>
    <ClInclude Include="model\pvpKillsCounter.h">
      <Filter>Header Files</Filter>
    </ClInclude>
    <ClInclude Include="model\ServerState.h">
      <Filter>Header Files</Filter>
    </ClInclude>
    <ClInclude Include="model\SoulHealer.h">
      <Filter>Header Files</Filter>
    </ClInclude>
    <ClInclude Include="model\ValueGainObserver.h">
      <Filter>Header Files</Filter>
    </ClInclude>
    <ClInclude Include="modules\ApModule.h">
      <Filter>Header Files</Filter>
    </ClInclude>
    <ClInclude Include="modules\ExpModule.h">
      <Filter>Header Files</Filter>
    </ClInclude>
    <ClInclude Include="modules\GpModule.h">
      <Filter>Header Files</Filter>
    </ClInclude>
    <ClInclude Include="modules\HuntingModule.h">
      <Filter>Header Files</Filter>
    </ClInclude>
    <ClInclude Include="modules\ItemAcquisitionModule.h">
      <Filter>Header Files</Filter>
    </ClInclude>
    <ClInclude Include="modules\KinahModule.h">
      <Filter>Header Files</Filter>
    </ClInclude>
    <ClInclude Include="modules\PlayerIdentificationModule.h">
      <Filter>Header Files</Filter>
    </ClInclude>
    <ClInclude Include="modules\ProfessionModule.h">
      <Filter>Header Files</Filter>
    </ClInclude>
    <ClInclude Include="modules\SoulHealerModule.h">
      <Filter>Header Files</Filter>
    </ClInclude>
    <ClInclude Include="parser\BracketValueReader.h">
      <Filter>Header Files</Filter>
    </ClInclude>
    <ClInclude Include="parser\ChatLogCommand.h">
      <Filter>Header Files</Filter>
    </ClInclude>
    <ClInclude Include="parser\ChatLogCommandFactory.h">
      <Filter>Header Files</Filter>
    </ClInclude>
    <ClInclude Include="parser\ItemIDFileReader.h">
      <Filter>Header Files</Filter>
    </ClInclude>
    <ClInclude Include="parser\ItemIDReader.h">
      <Filter>Header Files</Filter>
    </ClInclude>
    <ClInclude Include="parser\LogFileReader.h">
      <Filter>Header Files</Filter>
    </ClInclude>
    <ClInclude Include="parser\LogFileUtility.h">
      <Filter>Header Files</Filter>
    </ClInclude>
    <ClInclude Include="parser\MaxPeriodParser.h">
      <Filter>Header Files</Filter>
    </ClInclude>
    <ClInclude Include="parser\MessageRules.h">
      <Filter>Header Files</Filter>
    </ClInclude>
    <ClInclude Include="parser\Parser.h">
      <Filter>Header Files</Filter>
    </ClInclude>
    <ClInclude Include="parser\SkillToClassMap.h">
      <Filter>Header Files</Filter>
    </ClInclude>
    <ClInclude Include="parser\SystemCFG.h">
      <Filter>Header Files</Filter>
    </ClInclude>
    <ClInclude Include="parser\UserCommandFactory.h">
      <Filter>Header Files</Filter>
    </ClInclude>
    <ClInclude Include="Module.h">
      <Filter>Header Files</Filter>
    </ClInclude>
    <ClInclude Include="stringFunctions.h">
      <Filter>Header Files</Filter>
    </ClInclude>
    <ClInclude Include="testmodule\testlog\temporarylogfile.h">
      <Filter>Header Files</Filter>
    </ClInclude>
    <ClInclude Include="model\RelicAP.h">
      <Filter>Header Files</Filter>
    </ClInclude>
    <ClInclude Include="lookups\RelicAp47.h">
      <Filter>Header Files</Filter>
    </ClInclude>
    <ClInclude Include="lookups\RelicAp48.h">
      <Filter>Header Files</Filter>
    </ClInclude>
    <ClInclude Include="lookups\ExpChartKR51.h">
      <Filter>Header Files</Filter>
    </ClInclude>
    <ClInclude Include="lookups\CommandStringsEUEnglish.h">
      <Filter>Header Files</Filter>
    </ClInclude>
    <ClInclude Include="lookups\SkillToClassHardCodedEUEnglish.h">
      <Filter>Header Files</Filter>
    </ClInclude>
    <ClInclude Include="gui\ApFrame.h">
      <Filter>Header Files</Filter>
    </ClInclude>
    <ClInclude Include="gui\ExpFrame.h">
      <Filter>Header Files</Filter>
    </ClInclude>
    <ClInclude Include="gui\GpFrame.h">
      <Filter>Header Files</Filter>
    </ClInclude>
    <ClInclude Include="gui\ItemAcquisitionFrame.h">
      <Filter>Header Files</Filter>
    </ClInclude>
    <ClInclude Include="gui\ItemBundleFrame.h">
      <Filter>Header Files</Filter>
    </ClInclude>
    <ClInclude Include="gui\ItemRollsFrame.h">
      <Filter>Header Files</Filter>
    </ClInclude>
    <ClInclude Include="gui\KinahFrame.h">
      <Filter>Header Files</Filter>
    </ClInclude>
    <ClInclude Include="gui\ListCtrlFrame.h">
      <Filter>Header Files</Filter>
    </ClInclude>
    <ClInclude Include="gui\MainFrame.h">
      <Filter>Header Files</Filter>
    </ClInclude>
    <ClInclude Include="gui\MobKillsFrame.h">
      <Filter>Header Files</Filter>
    </ClInclude>
    <ClInclude Include="gui\ModulePanel.h">
      <Filter>Header Files</Filter>
    </ClInclude>
    <ClInclude Include="gui\ModuleWindowSelectionFrame.h">
      <Filter>Header Files</Filter>
    </ClInclude>
    <ClInclude Include="gui\PlayerKillsFrame.h">
      <Filter>Header Files</Filter>
    </ClInclude>
    <ClInclude Include="gui\ProfessionFrame.h">
      <Filter>Header Files</Filter>
    </ClInclude>
    <ClInclude Include="gui\ProfessionLevelingFrame.h">
      <Filter>Header Files</Filter>
    </ClInclude>
    <ClInclude Include="gui\TestFrame.h">
      <Filter>Header Files</Filter>
    </ClInclude>
    <ClInclude Include="language\EnglishEU.h">
      <Filter>Header Files</Filter>
    </ClInclude>
    <ClInclude Include="lookups\ExpChartEU49.h">
      <Filter>Header Files</Filter>
    </ClInclude>
  </ItemGroup>
  <ItemGroup>
    <ClCompile Include="experimental\AutoAttackBuffer.cpp">
      <Filter>Source Files</Filter>
    </ClCompile>
    <ClCompile Include="experimental\CombatModule.cpp">
      <Filter>Source Files</Filter>
    </ClCompile>
    <ClCompile Include="experimental\ProcDamageRegister.cpp">
      <Filter>Source Files</Filter>
    </ClCompile>
    <ClCompile Include="language\LanguageManager.cpp">
      <Filter>Source Files</Filter>
    </ClCompile>
    <ClCompile Include="lookups\ApChart.cpp">
      <Filter>Source Files</Filter>
    </ClCompile>
    <ClCompile Include="lookups\CommandStringsNAEnglish.cpp">
      <Filter>Source Files</Filter>
    </ClCompile>
    <ClCompile Include="lookups\ExpChartNA40.cpp">
      <Filter>Source Files</Filter>
    </ClCompile>
    <ClCompile Include="lookups\SkillToClassHardCodedNA.cpp">
      <Filter>Source Files</Filter>
    </ClCompile>
    <ClCompile Include="model\ApGainMeter.cpp">
      <Filter>Source Files</Filter>
    </ClCompile>
    <ClCompile Include="model\ExpChart.cpp">
      <Filter>Source Files</Filter>
    </ClCompile>
    <ClCompile Include="model\ExpGainMeter.cpp">
      <Filter>Source Files</Filter>
    </ClCompile>
    <ClCompile Include="model\GatherCraft.cpp">
      <Filter>Source Files</Filter>
    </ClCompile>
    <ClCompile Include="model\GatherCraftRecord.cpp">
      <Filter>Source Files</Filter>
    </ClCompile>
    <ClCompile Include="model\ItemRolls.cpp">
      <Filter>Source Files</Filter>
    </ClCompile>
    <ClCompile Include="model\KinahGainMeter.cpp">
      <Filter>Source Files</Filter>
    </ClCompile>
    <ClCompile Include="model\KnownPlayers.cpp">
      <Filter>Source Files</Filter>
    </ClCompile>
    <ClCompile Include="model\LevelUpChecker.cpp">
      <Filter>Source Files</Filter>
    </ClCompile>
    <ClCompile Include="model\MeterValue.cpp">
      <Filter>Source Files</Filter>
    </ClCompile>
    <ClCompile Include="model\PlayerClassManager.cpp">
      <Filter>Source Files</Filter>
    </ClCompile>
    <ClCompile Include="model\ProfessionLeveling.cpp">
      <Filter>Source Files</Filter>
    </ClCompile>
    <ClCompile Include="model\ProfessionLevelingHistory.cpp">
      <Filter>Source Files</Filter>
    </ClCompile>
    <ClCompile Include="model\pvpKillsCounter.cpp">
      <Filter>Source Files</Filter>
    </ClCompile>
    <ClCompile Include="model\SoulHealer.cpp">
      <Filter>Source Files</Filter>
    </ClCompile>
    <ClCompile Include="modules\ApModule.cpp">
      <Filter>Source Files</Filter>
    </ClCompile>
    <ClCompile Include="modules\ExpModule.cpp">
      <Filter>Source Files</Filter>
    </ClCompile>
    <ClCompile Include="modules\GpModule.cpp">
      <Filter>Source Files</Filter>
    </ClCompile>
    <ClCompile Include="modules\HuntingModule.cpp">
      <Filter>Source Files</Filter>
    </ClCompile>
    <ClCompile Include="modules\ItemAcquisitionModule.cpp">
      <Filter>Source Files</Filter>
    </ClCompile>
    <ClCompile Include="modules\KinahModule.cpp">
      <Filter>Source Files</Filter>
    </ClCompile>
    <ClCompile Include="modules\PlayerIdentificationModule.cpp">
      <Filter>Source Files</Filter>
    </ClCompile>
    <ClCompile Include="modules\ProfessionModule.cpp">
      <Filter>Source Files</Filter>
    </ClCompile>
    <ClCompile Include="modules\SoulHealerModule.cpp">
      <Filter>Source Files</Filter>
    </ClCompile>
    <ClCompile Include="parser\BracketValueReader.cpp">
      <Filter>Source Files</Filter>
    </ClCompile>
    <ClCompile Include="parser\ChatLogCommandFactory.cpp">
      <Filter>Source Files</Filter>
    </ClCompile>
    <ClCompile Include="parser\ItemIDFileReader.cpp">
      <Filter>Source Files</Filter>
    </ClCompile>
    <ClCompile Include="parser\ItemIDReader.cpp">
      <Filter>Source Files</Filter>
    </ClCompile>
    <ClCompile Include="parser\LogFileReader.cpp">
      <Filter>Source Files</Filter>
    </ClCompile>
    <ClCompile Include="parser\LogFileUtility.cpp">
      <Filter>Source Files</Filter>
    </ClCompile>
    <ClCompile Include="parser\MaxPeriodParser.cpp">
      <Filter>Source Files</Filter>
    </ClCompile>
    <ClCompile Include="parser\MessageRules.cpp">
      <Filter>Source Files</Filter>
    </ClCompile>
    <ClCompile Include="parser\SkillToClassMap.cpp">
      <Filter>Source Files</Filter>
    </ClCompile>
    <ClCompile Include="parser\SystemCFG.cpp">
      <Filter>Source Files</Filter>
    </ClCompile>
    <ClCompile Include="parser\UserCommandFactory.cpp">
      <Filter>Source Files</Filter>
    </ClCompile>
    <ClCompile Include="stringFunctions.cpp">
      <Filter>Source Files</Filter>
    </ClCompile>
    <ClCompile Include="testModule\testLog\TemporaryLogFile.cpp">
      <Filter>Source Files</Filter>
    </ClCompile>
    <ClCompile Include="model\RelicAP.cpp">
      <Filter>Source Files</Filter>
    </ClCompile>
    <ClCompile Include="lookups\RelicAp47.cpp">
      <Filter>Source Files</Filter>
    </ClCompile>
    <ClCompile Include="lookups\RelicAp48.cpp">
      <Filter>Source Files</Filter>
    </ClCompile>
    <ClCompile Include="lookups\ExpChartKR51.cpp">
      <Filter>Source Files</Filter>
    </ClCompile>
    <ClCompile Include="lookups\CommandStringsEUEnglish.cpp">
      <Filter>Source Files</Filter>
    </ClCompile>
    <ClCompile Include="lookups\SkillToClassHardCodedEUEnglish.cpp">
      <Filter>Source Files</Filter>
    </ClCompile>
    <ClCompile Include="mains\MyApp.cpp">
      <Filter>Source Files</Filter>
    </ClCompile>
    <ClCompile Include="gui\ApFrame.cpp">
      <Filter>Source Files</Filter>
    </ClCompile>
    <ClCompile Include="gui\ExpFrame.cpp">
      <Filter>Source Files</Filter>
    </ClCompile>
    <ClCompile Include="gui\GpFrame.cpp">
      <Filter>Source Files</Filter>
    </ClCompile>
    <ClCompile Include="gui\ItemAcquisitionFrame.cpp">
      <Filter>Source Files</Filter>
    </ClCompile>
    <ClCompile Include="gui\ItemBundleFrame.cpp">
      <Filter>Source Files</Filter>
    </ClCompile>
    <ClCompile Include="gui\ItemRollsFrame.cpp">
      <Filter>Source Files</Filter>
    </ClCompile>
    <ClCompile Include="gui\KinahFrame.cpp">
      <Filter>Source Files</Filter>
    </ClCompile>
    <ClCompile Include="gui\ListCtrlFrame.cpp">
      <Filter>Source Files</Filter>
    </ClCompile>
    <ClCompile Include="gui\MainFrame.cpp">
      <Filter>Source Files</Filter>
    </ClCompile>
    <ClCompile Include="gui\MobKillsFrame.cpp">
      <Filter>Source Files</Filter>
    </ClCompile>
    <ClCompile Include="gui\ModuleWindowSelectionFrame.cpp">
      <Filter>Source Files</Filter>
    </ClCompile>
    <ClCompile Include="gui\PlayerKillsFrame.cpp">
      <Filter>Source Files</Filter>
    </ClCompile>
    <ClCompile Include="gui\ProfessionFrame.cpp">
      <Filter>Source Files</Filter>
    </ClCompile>
    <ClCompile Include="gui\ProfessionLevelingFrame.cpp">
      <Filter>Source Files</Filter>
    </ClCompile>
    <ClCompile Include="gui\TestFrame.cpp">
      <Filter>Source Files</Filter>
    </ClCompile>
    <ClCompile Include="lookups\ExpChartEU49.cpp">
      <Filter>Source Files</Filter>
    </ClCompile>
  </ItemGroup>
  <ItemGroup>
    <None Include="testModule\testDirectoryChatLogDisabled\bin32\AION.bin">
      <Filter>Resource Files</Filter>
    </None>
    <None Include="testModule\testDirectoryChatLogDisabled\bin64\AION.bin">
      <Filter>Resource Files</Filter>
    </None>
    <None Include="testModule\testDirectoryChatLogEnabled\bin32\AION.bin">
      <Filter>Resource Files</Filter>
    </None>
    <None Include="testModule\testDirectoryChatLogEnabled\bin64\AION.bin">
      <Filter>Resource Files</Filter>
    </None>
    <None Include="testModule\testDirectoryLogfileExistsChatLogDisabled\bin32\AION.bin">
      <Filter>Resource Files</Filter>
    </None>
    <None Include="testModule\testDirectoryLogfileExistsChatLogDisabled\bin64\AION.bin">
      <Filter>Resource Files</Filter>
    </None>
    <None Include="testModule\testDirectoryLogfileExistsChatLogEnabled\bin32\AION.bin">
      <Filter>Resource Files</Filter>
    </None>
    <None Include="testModule\testDirectoryLogfileExistsChatLogEnabled\bin64\AION.bin">
      <Filter>Resource Files</Filter>
    </None>
    <None Include="classSkills.txt" />
    <None Include="file.txt" />
    <None Include="output.txt" />
  </ItemGroup>
</Project>